
Microsoft Visual Studio Solution File, Format Version 12.00
# Visual Studio 15
VisualStudioVersion = 15.0.26430.12
MinimumVisualStudioVersion = 10.0.40219.1
Project("{FAE04EC0-301F-11D3-BF4B-00C04F79EFBC}") = "57_Exercises", "57_Exercises\57_Exercises.csproj", "{3B4505CE-5A5A-4685-9B73-3EC70EEFCAD2}"
EndProject
Project("{FAE04EC0-301F-11D3-BF4B-00C04F79EFBC}") = "57_Exercises.Tests", "57_Exercises.Tests\57_Exercises.Tests.csproj", "{0E6028D4-6840-43F2-BFAC-BEC4DA1182A5}"
EndProject
Global
	GlobalSection(SolutionConfigurationPlatforms) = preSolution
		Debug|Any CPU = Debug|Any CPU
		Release|Any CPU = Release|Any CPU
	EndGlobalSection
	GlobalSection(ProjectConfigurationPlatforms) = postSolution
		{3B4505CE-5A5A-4685-9B73-3EC70EEFCAD2}.Debug|Any CPU.ActiveCfg = Debug|Any CPU
		{3B4505CE-5A5A-4685-9B73-3EC70EEFCAD2}.Debug|Any CPU.Build.0 = Debug|Any CPU
		{3B4505CE-5A5A-4685-9B73-3EC70EEFCAD2}.Release|Any CPU.ActiveCfg = Release|Any CPU
		{3B4505CE-5A5A-4685-9B73-3EC70EEFCAD2}.Release|Any CPU.Build.0 = Release|Any CPU
		{0E6028D4-6840-43F2-BFAC-BEC4DA1182A5}.Debug|Any CPU.ActiveCfg = Debug|Any CPU
		{0E6028D4-6840-43F2-BFAC-BEC4DA1182A5}.Debug|Any CPU.Build.0 = Debug|Any CPU
		{0E6028D4-6840-43F2-BFAC-BEC4DA1182A5}.Release|Any CPU.ActiveCfg = Release|Any CPU
		{0E6028D4-6840-43F2-BFAC-BEC4DA1182A5}.Release|Any CPU.Build.0 = Release|Any CPU
	EndGlobalSection
	GlobalSection(SolutionProperties) = preSolution
		HideSolutionNode = FALSE
	EndGlobalSection
EndGlobal
